
Microsoft Visual Studio Solution File, Format Version 12.00
# Visual Studio Version 17
VisualStudioVersion = 17.6.33723.286
MinimumVisualStudioVersion = 10.0.40219.1
Project("{8BC9CEB8-8B4A-11D0-8D11-00A0C91BC942}") = "Task13_TwoPointers_Easy_MoveZeroes", "Task13_TwoPointers_Easy_MoveZeroes\Task13_TwoPointers_Easy_MoveZeroes.vcxproj", "{C0414AA8-D507-45EB-9A6F-3637D91146EB}"
EndProject
Global
	GlobalSection(SolutionConfigurationPlatforms) = preSolution
		Debug|x64 = Debug|x64
		Debug|x86 = Debug|x86
		Release|x64 = Release|x64
		Release|x86 = Release|x86
	EndGlobalSection
	GlobalSection(ProjectConfigurationPlatforms) = postSolution
		{C0414AA8-D507-45EB-9A6F-3637D91146EB}.Debug|x64.ActiveCfg = Debug|x64
		{C0414AA8-D507-45EB-9A6F-3637D91146EB}.Debug|x64.Build.0 = Debug|x64
		{C0414AA8-D507-45EB-9A6F-3637D91146EB}.Debug|x86.ActiveCfg = Debug|Win32
		{C0414AA8-D507-45EB-9A6F-3637D91146EB}.Debug|x86.Build.0 = Debug|Win32
		{C0414AA8-D507-45EB-9A6F-3637D91146EB}.Release|x64.ActiveCfg = Release|x64
		{C0414AA8-D507-45EB-9A6F-3637D91146EB}.Release|x64.Build.0 = Release|x64
		{C0414AA8-D507-45EB-9A6F-3637D91146EB}.Release|x86.ActiveCfg = Release|Win32
		{C0414AA8-D507-45EB-9A6F-3637D91146EB}.Release|x86.Build.0 = Release|Win32
	EndGlobalSection
	GlobalSection(SolutionProperties) = preSolution
		HideSolutionNode = FALSE
	EndGlobalSection
	GlobalSection(ExtensibilityGlobals) = postSolution
		SolutionGuid = {12AEE52D-21B5-409F-A1A8-15A417524217}
	EndGlobalSection
EndGlobal
